
Microsoft Visual Studio Solution File, Format Version 12.00
# Visual Studio Version 17
VisualStudioVersion = 17.0.32112.339
MinimumVisualStudioVersion = 10.0.40219.1
Project("{FAE04EC0-301F-11D3-BF4B-00C04F79EFBC}") = "TareaPOO", "TareaPOO\TareaPOO.csproj", "{625FA8F4-3546-4ACF-9A84-49FEC4C92D67}"
EndProject
Global
	GlobalSection(SolutionConfigurationPlatforms) = preSolution
		Debug|Any CPU = Debug|Any CPU
		Release|Any CPU = Release|Any CPU
	EndGlobalSection
	GlobalSection(ProjectConfigurationPlatforms) = postSolution
		{625FA8F4-3546-4ACF-9A84-49FEC4C92D67}.Debug|Any CPU.ActiveCfg = Debug|Any CPU
		{625FA8F4-3546-4ACF-9A84-49FEC4C92D67}.Debug|Any CPU.Build.0 = Debug|Any CPU
		{625FA8F4-3546-4ACF-9A84-49FEC4C92D67}.Release|Any CPU.ActiveCfg = Release|Any CPU
		{625FA8F4-3546-4ACF-9A84-49FEC4C92D67}.Release|Any CPU.Build.0 = Release|Any CPU
	EndGlobalSection
	GlobalSection(SolutionProperties) = preSolution
		HideSolutionNode = FALSE
	EndGlobalSection
	GlobalSection(ExtensibilityGlobals) = postSolution
		SolutionGuid = {8D66C516-0203-455D-99BF-AE3E8532EBEC}
	EndGlobalSection
EndGlobal
